
Microsoft Visual Studio Solution File, Format Version 12.00
# Visual Studio Version 17
VisualStudioVersion = 17.9.34728.123
MinimumVisualStudioVersion = 10.0.40219.1
Project("{FAE04EC0-301F-11D3-BF4B-00C04F79EFBC}") = "UrlShortenerApi", "UrlShortenerApi\UrlShortenerApi.csproj", "{F44B3A02-B1E4-4018-969F-02AD266AF6C2}"
EndProject
Global
	GlobalSection(SolutionConfigurationPlatforms) = preSolution
		Debug|Any CPU = Debug|Any CPU
		Release|Any CPU = Release|Any CPU
	EndGlobalSection
	GlobalSection(ProjectConfigurationPlatforms) = postSolution
		{F44B3A02-B1E4-4018-969F-02AD266AF6C2}.Debug|Any CPU.ActiveCfg = Debug|Any CPU
		{F44B3A02-B1E4-4018-969F-02AD266AF6C2}.Debug|Any CPU.Build.0 = Debug|Any CPU
		{F44B3A02-B1E4-4018-969F-02AD266AF6C2}.Release|Any CPU.ActiveCfg = Release|Any CPU
		{F44B3A02-B1E4-4018-969F-02AD266AF6C2}.Release|Any CPU.Build.0 = Release|Any CPU
	EndGlobalSection
	GlobalSection(SolutionProperties) = preSolution
		HideSolutionNode = FALSE
	EndGlobalSection
	GlobalSection(ExtensibilityGlobals) = postSolution
		SolutionGuid = {75229747-8788-44EE-B8BD-978EBAB3CA1B}
	EndGlobalSection
EndGlobal
